
Microsoft Visual Studio Solution File, Format Version 12.00
# Visual Studio Version 16
VisualStudioVersion = 16.0.29215.179
MinimumVisualStudioVersion = 10.0.40219.1
Project("{9A19103F-16F7-4668-BE54-9A1E7A4F7556}") = "Crypto.AES", "Crypto.AES\Crypto.AES.csproj", "{E9C465F2-78E9-4B2B-B30B-848FC1B6230D}"
EndProject
Project("{9A19103F-16F7-4668-BE54-9A1E7A4F7556}") = "Crypto.AES.UnitTests", "Crypto.AES.UnitTests\Crypto.AES.UnitTests.csproj", "{E98AF967-F67F-43DF-8570-AC1B09971B3C}"
EndProject
Project("{2150E333-8FDC-42A3-9474-1A3956D46DE8}") = "Solution Items", "Solution Items", "{ADFE0F65-A22E-42D2-831C-5E449E6E3908}"
	ProjectSection(SolutionItems) = preProject
		Readme.md = Readme.md
	EndProjectSection
EndProject
Global
	GlobalSection(SolutionConfigurationPlatforms) = preSolution
		Debug|Any CPU = Debug|Any CPU
		Release|Any CPU = Release|Any CPU
	EndGlobalSection
	GlobalSection(ProjectConfigurationPlatforms) = postSolution
		{E9C465F2-78E9-4B2B-B30B-848FC1B6230D}.Debug|Any CPU.ActiveCfg = Debug|Any CPU
		{E9C465F2-78E9-4B2B-B30B-848FC1B6230D}.Debug|Any CPU.Build.0 = Debug|Any CPU
		{E9C465F2-78E9-4B2B-B30B-848FC1B6230D}.Release|Any CPU.ActiveCfg = Release|Any CPU
		{E9C465F2-78E9-4B2B-B30B-848FC1B6230D}.Release|Any CPU.Build.0 = Release|Any CPU
		{E98AF967-F67F-43DF-8570-AC1B09971B3C}.Debug|Any CPU.ActiveCfg = Debug|Any CPU
		{E98AF967-F67F-43DF-8570-AC1B09971B3C}.Debug|Any CPU.Build.0 = Debug|Any CPU
		{E98AF967-F67F-43DF-8570-AC1B09971B3C}.Release|Any CPU.ActiveCfg = Release|Any CPU
		{E98AF967-F67F-43DF-8570-AC1B09971B3C}.Release|Any CPU.Build.0 = Release|Any CPU
	EndGlobalSection
	GlobalSection(SolutionProperties) = preSolution
		HideSolutionNode = FALSE
	EndGlobalSection
	GlobalSection(ExtensibilityGlobals) = postSolution
		SolutionGuid = {61669604-54A7-41AF-8F48-750E6E91BA3E}
	EndGlobalSection
EndGlobal
